
Microsoft Visual Studio Solution File, Format Version 12.00
# Visual Studio Version 17
VisualStudioVersion = 17.0.31903.59
MinimumVisualStudioVersion = 10.0.40219.1
Project("{2150E333-8FDC-42A3-9474-1A3956D46DE8}") = "src", "src", "{827E0CD3-B72D-47B6-A68D-7590B98EB39B}"
EndProject
Project("{FAE04EC0-301F-11D3-BF4B-00C04F79EFBC}") = "MatterHarbor.Api", "src\MatterHarbor.Api\MatterHarbor.Api.csproj", "{DC7C1C48-F14E-4653-A02E-E51A5511654F}"
EndProject
Project("{FAE04EC0-301F-11D3-BF4B-00C04F79EFBC}") = "MatterHarbor.Application", "src\MatterHarbor.Application\MatterHarbor.Application.csproj", "{DA3F2D0E-0850-4370-AC44-4954FF1A6065}"
EndProject
Project("{FAE04EC0-301F-11D3-BF4B-00C04F79EFBC}") = "MatterHarbor.Domain", "src\MatterHarbor.Domain\MatterHarbor.Domain.csproj", "{FCDD7D97-6472-43FF-92BF-14C4E26D13FF}"
EndProject
Project("{FAE04EC0-301F-11D3-BF4B-00C04F79EFBC}") = "MatterHarbor.Infrastructure", "src\MatterHarbor.Infrastructure\MatterHarbor.Infrastructure.csproj", "{9D024F74-0A42-47F3-836D-34D25BD298B5}"
EndProject
Project("{FAE04EC0-301F-11D3-BF4B-00C04F79EFBC}") = "MatterHarbor.Worker", "src\MatterHarbor.Worker\MatterHarbor.Worker.csproj", "{85C0A7C9-64F5-47E7-8B9A-52B5B92F5BE0}"
EndProject
Project("{2150E333-8FDC-42A3-9474-1A3956D46DE8}") = "tests", "tests", "{0AB3BF05-4346-4AA6-1389-037BE0695223}"
EndProject
Project("{FAE04EC0-301F-11D3-BF4B-00C04F79EFBC}") = "MatterHarbor.Application.Tests", "tests\MatterHarbor.Application.Tests\MatterHarbor.Application.Tests.csproj", "{7137BCF5-5D0B-44EE-8926-3DA3580F2E94}"
EndProject
Project("{FAE04EC0-301F-11D3-BF4B-00C04F79EFBC}") = "MatterHarbor.ArchitectureTests", "tests\MatterHarbor.ArchitectureTests\MatterHarbor.ArchitectureTests.csproj", "{AC5F4AEC-1889-44E0-98CC-E04E456D7009}"
EndProject
Project("{FAE04EC0-301F-11D3-BF4B-00C04F79EFBC}") = "MatterHarbor.Domain.Tests", "tests\MatterHarbor.Domain.Tests\MatterHarbor.Domain.Tests.csproj", "{07816D3C-7D40-4487-AD08-A3A92E23FB66}"
EndProject
Project("{FAE04EC0-301F-11D3-BF4B-00C04F79EFBC}") = "MatterHarbor.EndToEndTests", "tests\MatterHarbor.EndToEndTests\MatterHarbor.EndToEndTests.csproj", "{5D0182D3-E325-4831-BD09-B1EDF11E780E}"
EndProject
Project("{FAE04EC0-301F-11D3-BF4B-00C04F79EFBC}") = "MatterHarbor.IntegrationTests", "tests\MatterHarbor.IntegrationTests\MatterHarbor.IntegrationTests.csproj", "{379DD45D-77F8-4D33-AC26-0597AB49409C}"
EndProject
Global
	GlobalSection(SolutionConfigurationPlatforms) = preSolution
		Debug|Any CPU = Debug|Any CPU
		Debug|x64 = Debug|x64
		Debug|x86 = Debug|x86
		Release|Any CPU = Release|Any CPU
		Release|x64 = Release|x64
		Release|x86 = Release|x86
	EndGlobalSection
	GlobalSection(ProjectConfigurationPlatforms) = postSolution
		{DC7C1C48-F14E-4653-A02E-E51A5511654F}.Debug|Any CPU.ActiveCfg = Debug|Any CPU
		{DC7C1C48-F14E-4653-A02E-E51A5511654F}.Debug|Any CPU.Build.0 = Debug|Any CPU
		{DC7C1C48-F14E-4653-A02E-E51A5511654F}.Debug|x64.ActiveCfg = Debug|Any CPU
		{DC7C1C48-F14E-4653-A02E-E51A5511654F}.Debug|x64.Build.0 = Debug|Any CPU
		{DC7C1C48-F14E-4653-A02E-E51A5511654F}.Debug|x86.ActiveCfg = Debug|Any CPU
		{DC7C1C48-F14E-4653-A02E-E51A5511654F}.Debug|x86.Build.0 = Debug|Any CPU
		{DC7C1C48-F14E-4653-A02E-E51A5511654F}.Release|Any CPU.ActiveCfg = Release|Any CPU
		{DC7C1C48-F14E-4653-A02E-E51A5511654F}.Release|Any CPU.Build.0 = Release|Any CPU
		{DC7C1C48-F14E-4653-A02E-E51A5511654F}.Release|x64.ActiveCfg = Release|Any CPU
		{DC7C1C48-F14E-4653-A02E-E51A5511654F}.Release|x64.Build.0 = Release|Any CPU
		{DC7C1C48-F14E-4653-A02E-E51A5511654F}.Release|x86.ActiveCfg = Release|Any CPU
		{DC7C1C48-F14E-4653-A02E-E51A5511654F}.Release|x86.Build.0 = Release|Any CPU
		{DA3F2D0E-0850-4370-AC44-4954FF1A6065}.Debug|Any CPU.ActiveCfg = Debug|Any CPU
		{DA3F2D0E-0850-4370-AC44-4954FF1A6065}.Debug|Any CPU.Build.0 = Debug|Any CPU
		{DA3F2D0E-0850-4370-AC44-4954FF1A6065}.Debug|x64.ActiveCfg = Debug|Any CPU
		{DA3F2D0E-0850-4370-AC44-4954FF1A6065}.Debug|x64.Build.0 = Debug|Any CPU
		{DA3F2D0E-0850-4370-AC44-4954FF1A6065}.Debug|x86.ActiveCfg = Debug|Any CPU
		{DA3F2D0E-0850-4370-AC44-4954FF1A6065}.Debug|x86.Build.0 = Debug|Any CPU
		{DA3F2D0E-0850-4370-AC44-4954FF1A6065}.Release|Any CPU.ActiveCfg = Release|Any CPU
		{DA3F2D0E-0850-4370-AC44-4954FF1A6065}.Release|Any CPU.Build.0 = Release|Any CPU
		{DA3F2D0E-0850-4370-AC44-4954FF1A6065}.Release|x64.ActiveCfg = Release|Any CPU
		{DA3F2D0E-0850-4370-AC44-4954FF1A6065}.Release|x64.Build.0 = Release|Any CPU
		{DA3F2D0E-0850-4370-AC44-4954FF1A6065}.Release|x86.ActiveCfg = Release|Any CPU
		{DA3F2D0E-0850-4370-AC44-4954FF1A6065}.Release|x86.Build.0 = Release|Any CPU
		{FCDD7D97-6472-43FF-92BF-14C4E26D13FF}.Debug|Any CPU.ActiveCfg = Debug|Any CPU
		{FCDD7D97-6472-43FF-92BF-14C4E26D13FF}.Debug|Any CPU.Build.0 = Debug|Any CPU
		{FCDD7D97-6472-43FF-92BF-14C4E26D13FF}.Debug|x64.ActiveCfg = Debug|Any CPU
		{FCDD7D97-6472-43FF-92BF-14C4E26D13FF}.Debug|x64.Build.0 = Debug|Any CPU
		{FCDD7D97-6472-43FF-92BF-14C4E26D13FF}.Debug|x86.ActiveCfg = Debug|Any CPU
		{FCDD7D97-6472-43FF-92BF-14C4E26D13FF}.Debug|x86.Build.0 = Debug|Any CPU
		{FCDD7D97-6472-43FF-92BF-14C4E26D13FF}.Release|Any CPU.ActiveCfg = Release|Any CPU
		{FCDD7D97-6472-43FF-92BF-14C4E26D13FF}.Release|Any CPU.Build.0 = Release|Any CPU
		{FCDD7D97-6472-43FF-92BF-14C4E26D13FF}.Release|x64.ActiveCfg = Release|Any CPU
		{FCDD7D97-6472-43FF-92BF-14C4E26D13FF}.Release|x64.Build.0 = Release|Any CPU
		{FCDD7D97-6472-43FF-92BF-14C4E26D13FF}.Release|x86.ActiveCfg = Release|Any CPU
		{FCDD7D97-6472-43FF-92BF-14C4E26D13FF}.Release|x86.Build.0 = Release|Any CPU
		{9D024F74-0A42-47F3-836D-34D25BD298B5}.Debug|Any CPU.ActiveCfg = Debug|Any CPU
		{9D024F74-0A42-47F3-836D-34D25BD298B5}.Debug|Any CPU.Build.0 = Debug|Any CPU
		{9D024F74-0A42-47F3-836D-34D25BD298B5}.Debug|x64.ActiveCfg = Debug|Any CPU
		{9D024F74-0A42-47F3-836D-34D25BD298B5}.Debug|x64.Build.0 = Debug|Any CPU
		{9D024F74-0A42-47F3-836D-34D25BD298B5}.Debug|x86.ActiveCfg = Debug|Any CPU
		{9D024F74-0A42-47F3-836D-34D25BD298B5}.Debug|x86.Build.0 = Debug|Any CPU
		{9D024F74-0A42-47F3-836D-34D25BD298B5}.Release|Any CPU.ActiveCfg = Release|Any CPU
		{9D024F74-0A42-47F3-836D-34D25BD298B5}.Release|Any CPU.Build.0 = Release|Any CPU
		{9D024F74-0A42-47F3-836D-34D25BD298B5}.Release|x64.ActiveCfg = Release|Any CPU
		{9D024F74-0A42-47F3-836D-34D25BD298B5}.Release|x64.Build.0 = Release|Any CPU
		{9D024F74-0A42-47F3-836D-34D25BD298B5}.Release|x86.ActiveCfg = Release|Any CPU
		{9D024F74-0A42-47F3-836D-34D25BD298B5}.Release|x86.Build.0 = Release|Any CPU
		{85C0A7C9-64F5-47E7-8B9A-52B5B92F5BE0}.Debug|Any CPU.ActiveCfg = Debug|Any CPU
		{85C0A7C9-64F5-47E7-8B9A-52B5B92F5BE0}.Debug|Any CPU.Build.0 = Debug|Any CPU
		{85C0A7C9-64F5-47E7-8B9A-52B5B92F5BE0}.Debug|x64.ActiveCfg = Debug|Any CPU
		{85C0A7C9-64F5-47E7-8B9A-52B5B92F5BE0}.Debug|x64.Build.0 = Debug|Any CPU
		{85C0A7C9-64F5-47E7-8B9A-52B5B92F5BE0}.Debug|x86.ActiveCfg = Debug|Any CPU
		{85C0A7C9-64F5-47E7-8B9A-52B5B92F5BE0}.Debug|x86.Build.0 = Debug|Any CPU
		{85C0A7C9-64F5-47E7-8B9A-52B5B92F5BE0}.Release|Any CPU.ActiveCfg = Release|Any CPU
		{85C0A7C9-64F5-47E7-8B9A-52B5B92F5BE0}.Release|Any CPU.Build.0 = Release|Any CPU
		{85C0A7C9-64F5-47E7-8B9A-52B5B92F5BE0}.Release|x64.ActiveCfg = Release|Any CPU
		{85C0A7C9-64F5-47E7-8B9A-52B5B92F5BE0}.Release|x64.Build.0 = Release|Any CPU
		{85C0A7C9-64F5-47E7-8B9A-52B5B92F5BE0}.Release|x86.ActiveCfg = Release|Any CPU
		{85C0A7C9-64F5-47E7-8B9A-52B5B92F5BE0}.Release|x86.Build.0 = Release|Any CPU
		{7137BCF5-5D0B-44EE-8926-3DA3580F2E94}.Debug|Any CPU.ActiveCfg = Debug|Any CPU
		{7137BCF5-5D0B-44EE-8926-3DA3580F2E94}.Debug|Any CPU.Build.0 = Debug|Any CPU
		{7137BCF5-5D0B-44EE-8926-3DA3580F2E94}.Debug|x64.ActiveCfg = Debug|Any CPU
		{7137BCF5-5D0B-44EE-8926-3DA3580F2E94}.Debug|x64.Build.0 = Debug|Any CPU
		{7137BCF5-5D0B-44EE-8926-3DA3580F2E94}.Debug|x86.ActiveCfg = Debug|Any CPU
		{7137BCF5-5D0B-44EE-8926-3DA3580F2E94}.Debug|x86.Build.0 = Debug|Any CPU
		{7137BCF5-5D0B-44EE-8926-3DA3580F2E94}.Release|Any CPU.ActiveCfg = Release|Any CPU
		{7137BCF5-5D0B-44EE-8926-3DA3580F2E94}.Release|Any CPU.Build.0 = Release|Any CPU
		{7137BCF5-5D0B-44EE-8926-3DA3580F2E94}.Release|x64.ActiveCfg = Release|Any CPU
		{7137BCF5-5D0B-44EE-8926-3DA3580F2E94}.Release|x64.Build.0 = Release|Any CPU
		{7137BCF5-5D0B-44EE-8926-3DA3580F2E94}.Release|x86.ActiveCfg = Release|Any CPU
		{7137BCF5-5D0B-44EE-8926-3DA3580F2E94}.Release|x86.Build.0 = Release|Any CPU
		{AC5F4AEC-1889-44E0-98CC-E04E456D7009}.Debug|Any CPU.ActiveCfg = Debug|Any CPU
		{AC5F4AEC-1889-44E0-98CC-E04E456D7009}.Debug|Any CPU.Build.0 = Debug|Any CPU
		{AC5F4AEC-1889-44E0-98CC-E04E456D7009}.Debug|x64.ActiveCfg = Debug|Any CPU
		{AC5F4AEC-1889-44E0-98CC-E04E456D7009}.Debug|x64.Build.0 = Debug|Any CPU
		{AC5F4AEC-1889-44E0-98CC-E04E456D7009}.Debug|x86.ActiveCfg = Debug|Any CPU
		{AC5F4AEC-1889-44E0-98CC-E04E456D7009}.Debug|x86.Build.0 = Debug|Any CPU
		{AC5F4AEC-1889-44E0-98CC-E04E456D7009}.Release|Any CPU.ActiveCfg = Release|Any CPU
		{AC5F4AEC-1889-44E0-98CC-E04E456D7009}.Release|Any CPU.Build.0 = Release|Any CPU
		{AC5F4AEC-1889-44E0-98CC-E04E456D7009}.Release|x64.ActiveCfg = Release|Any CPU
		{AC5F4AEC-1889-44E0-98CC-E04E456D7009}.Release|x64.Build.0 = Release|Any CPU
		{AC5F4AEC-1889-44E0-98CC-E04E456D7009}.Release|x86.ActiveCfg = Release|Any CPU
		{AC5F4AEC-1889-44E0-98CC-E04E456D7009}.Release|x86.Build.0 = Release|Any CPU
		{07816D3C-7D40-4487-AD08-A3A92E23FB66}.Debug|Any CPU.ActiveCfg = Debug|Any CPU
		{07816D3C-7D40-4487-AD08-A3A92E23FB66}.Debug|Any CPU.Build.0 = Debug|Any CPU
		{07816D3C-7D40-4487-AD08-A3A92E23FB66}.Debug|x64.ActiveCfg = Debug|Any CPU
		{07816D3C-7D40-4487-AD08-A3A92E23FB66}.Debug|x64.Build.0 = Debug|Any CPU
		{07816D3C-7D40-4487-AD08-A3A92E23FB66}.Debug|x86.ActiveCfg = Debug|Any CPU
		{07816D3C-7D40-4487-AD08-A3A92E23FB66}.Debug|x86.Build.0 = Debug|Any CPU
		{07816D3C-7D40-4487-AD08-A3A92E23FB66}.Release|Any CPU.ActiveCfg = Release|Any CPU
		{07816D3C-7D40-4487-AD08-A3A92E23FB66}.Release|Any CPU.Build.0 = Release|Any CPU
		{07816D3C-7D40-4487-AD08-A3A92E23FB66}.Release|x64.ActiveCfg = Release|Any CPU
		{07816D3C-7D40-4487-AD08-A3A92E23FB66}.Release|x64.Build.0 = Release|Any CPU
		{07816D3C-7D40-4487-AD08-A3A92E23FB66}.Release|x86.ActiveCfg = Release|Any CPU
		{07816D3C-7D40-4487-AD08-A3A92E23FB66}.Release|x86.Build.0 = Release|Any CPU
		{5D0182D3-E325-4831-BD09-B1EDF11E780E}.Debug|Any CPU.ActiveCfg = Debug|Any CPU
		{5D0182D3-E325-4831-BD09-B1EDF11E780E}.Debug|Any CPU.Build.0 = Debug|Any CPU
		{5D0182D3-E325-4831-BD09-B1EDF11E780E}.Debug|x64.ActiveCfg = Debug|Any CPU
		{5D0182D3-E325-4831-BD09-B1EDF11E780E}.Debug|x64.Build.0 = Debug|Any CPU
		{5D0182D3-E325-4831-BD09-B1EDF11E780E}.Debug|x86.ActiveCfg = Debug|Any CPU
		{5D0182D3-E325-4831-BD09-B1EDF11E780E}.Debug|x86.Build.0 = Debug|Any CPU
		{5D0182D3-E325-4831-BD09-B1EDF11E780E}.Release|Any CPU.ActiveCfg = Release|Any CPU
		{5D0182D3-E325-4831-BD09-B1EDF11E780E}.Release|Any CPU.Build.0 = Release|Any CPU
		{5D0182D3-E325-4831-BD09-B1EDF11E780E}.Release|x64.ActiveCfg = Release|Any CPU
		{5D0182D3-E325-4831-BD09-B1EDF11E780E}.Release|x64.Build.0 = Release|Any CPU
		{5D0182D3-E325-4831-BD09-B1EDF11E780E}.Release|x86.ActiveCfg = Release|Any CPU
		{5D0182D3-E325-4831-BD09-B1EDF11E780E}.Release|x86.Build.0 = Release|Any CPU
		{379DD45D-77F8-4D33-AC26-0597AB49409C}.Debug|Any CPU.ActiveCfg = Debug|Any CPU
		{379DD45D-77F8-4D33-AC26-0597AB49409C}.Debug|Any CPU.Build.0 = Debug|Any CPU
		{379DD45D-77F8-4D33-AC26-0597AB49409C}.Debug|x64.ActiveCfg = Debug|Any CPU
		{379DD45D-77F8-4D33-AC26-0597AB49409C}.Debug|x64.Build.0 = Debug|Any CPU
		{379DD45D-77F8-4D33-AC26-0597AB49409C}.Debug|x86.ActiveCfg = Debug|Any CPU
		{379DD45D-77F8-4D33-AC26-0597AB49409C}.Debug|x86.Build.0 = Debug|Any CPU
		{379DD45D-77F8-4D33-AC26-0597AB49409C}.Release|Any CPU.ActiveCfg = Release|Any CPU
		{379DD45D-77F8-4D33-AC26-0597AB49409C}.Release|Any CPU.Build.0 = Release|Any CPU
		{379DD45D-77F8-4D33-AC26-0597AB49409C}.Release|x64.ActiveCfg = Release|Any CPU
		{379DD45D-77F8-4D33-AC26-0597AB49409C}.Release|x64.Build.0 = Release|Any CPU
		{379DD45D-77F8-4D33-AC26-0597AB49409C}.Release|x86.ActiveCfg = Release|Any CPU
		{379DD45D-77F8-4D33-AC26-0597AB49409C}.Release|x86.Build.0 = Release|Any CPU
	EndGlobalSection
	GlobalSection(SolutionProperties) = preSolution
		HideSolutionNode = FALSE
	EndGlobalSection
	GlobalSection(NestedProjects) = preSolution
		{DC7C1C48-F14E-4653-A02E-E51A5511654F} = {827E0CD3-B72D-47B6-A68D-7590B98EB39B}
		{DA3F2D0E-0850-4370-AC44-4954FF1A6065} = {827E0CD3-B72D-47B6-A68D-7590B98EB39B}
		{FCDD7D97-6472-43FF-92BF-14C4E26D13FF} = {827E0CD3-B72D-47B6-A68D-7590B98EB39B}
		{9D024F74-0A42-47F3-836D-34D25BD298B5} = {827E0CD3-B72D-47B6-A68D-7590B98EB39B}
		{85C0A7C9-64F5-47E7-8B9A-52B5B92F5BE0} = {827E0CD3-B72D-47B6-A68D-7590B98EB39B}
		{7137BCF5-5D0B-44EE-8926-3DA3580F2E94} = {0AB3BF05-4346-4AA6-1389-037BE0695223}
		{AC5F4AEC-1889-44E0-98CC-E04E456D7009} = {0AB3BF05-4346-4AA6-1389-037BE0695223}
		{07816D3C-7D40-4487-AD08-A3A92E23FB66} = {0AB3BF05-4346-4AA6-1389-037BE0695223}
		{5D0182D3-E325-4831-BD09-B1EDF11E780E} = {0AB3BF05-4346-4AA6-1389-037BE0695223}
		{379DD45D-77F8-4D33-AC26-0597AB49409C} = {0AB3BF05-4346-4AA6-1389-037BE0695223}
	EndGlobalSection
EndGlobal
